
Microsoft Visual Studio Solution File, Format Version 12.00
# Visual Studio Version 17
VisualStudioVersion = 17.5.002.0
MinimumVisualStudioVersion = 10.0.40219.1
Project("{9A19103F-16F7-4668-BE54-9A1E7A4F7556}") = "Producer", "Producer\Producer.csproj", "{BEF42080-6FA8-4774-BB0F-7C7567B7F57C}"
EndProject
Project("{9A19103F-16F7-4668-BE54-9A1E7A4F7556}") = "Factory", "Factory\Factory.csproj", "{13B81E89-7E0C-4F9A-ABAE-23E1E52B2A01}"
EndProject
Project("{2150E333-8FDC-42A3-9474-1A3956D46DE8}") = "Components", "Components", "{2BBA8AFC-C4DB-4F2B-A1D9-C1ED97582E13}"
	ProjectSection(SolutionItems) = preProject
		DaprComponents\pubsub.yaml = DaprComponents\pubsub.yaml
	EndProjectSection
EndProject
Project("{2150E333-8FDC-42A3-9474-1A3956D46DE8}") = "Common", "Common", "{9C0EF40D-CEBA-4F3A-9F56-1EA0851D891A}"
	ProjectSection(SolutionItems) = preProject
		dapr.yaml = dapr.yaml
	EndProjectSection
EndProject
Project("{9A19103F-16F7-4668-BE54-9A1E7A4F7556}") = "Shared", "Shared\Shared.csproj", "{2BD89E81-51BC-4C83-B7DB-850CF72D1E8A}"
EndProject

Global
	GlobalSection(SolutionConfigurationPlatforms) = preSolution
		Debug|Any CPU = Debug|Any CPU
		Release|Any CPU = Release|Any CPU
	EndGlobalSection
	GlobalSection(ProjectConfigurationPlatforms) = postSolution
		{BEF42080-6FA8-4774-BB0F-7C7567B7F57C}.Debug|Any CPU.ActiveCfg = Debug|Any CPU
		{BEF42080-6FA8-4774-BB0F-7C7567B7F57C}.Debug|Any CPU.Build.0 = Debug|Any CPU
		{BEF42080-6FA8-4774-BB0F-7C7567B7F57C}.Release|Any CPU.ActiveCfg = Release|Any CPU
		{BEF42080-6FA8-4774-BB0F-7C7567B7F57C}.Release|Any CPU.Build.0 = Release|Any CPU
		{13B81E89-7E0C-4F9A-ABAE-23E1E52B2A01}.Debug|Any CPU.ActiveCfg = Debug|Any CPU
		{13B81E89-7E0C-4F9A-ABAE-23E1E52B2A01}.Debug|Any CPU.Build.0 = Debug|Any CPU
		{13B81E89-7E0C-4F9A-ABAE-23E1E52B2A01}.Release|Any CPU.ActiveCfg = Release|Any CPU
		{13B81E89-7E0C-4F9A-ABAE-23E1E52B2A01}.Release|Any CPU.Build.0 = Release|Any CPU
		{2BD89E81-51BC-4C83-B7DB-850CF72D1E8A}.Debug|Any CPU.ActiveCfg = Debug|Any CPU
		{2BD89E81-51BC-4C83-B7DB-850CF72D1E8A}.Debug|Any CPU.Build.0 = Debug|Any CPU
		{2BD89E81-51BC-4C83-B7DB-850CF72D1E8A}.Release|Any CPU.ActiveCfg = Release|Any CPU
		{2BD89E81-51BC-4C83-B7DB-850CF72D1E8A}.Release|Any CPU.Build.0 = Release|Any CPU
	EndGlobalSection
	GlobalSection(SolutionProperties) = preSolution
		HideSolutionNode = FALSE
	EndGlobalSection
	GlobalSection(ExtensibilityGlobals) = postSolution
		SolutionGuid = {A56386B9-6320-499D-9C33-79A36E6BC8BC}
	EndGlobalSection
EndGlobal
