Microsoft Visual Studio Solution File, Format Version 12.00
# Visual Studio Version 17
VisualStudioVersion = 17.9.34321.82
MinimumVisualStudioVersion = 10.0.40219.1
Project("{9A19103F-16F7-4668-BE54-9A1E7A4F7556}") = "AspiringHero.AppHost", "AspiringHero.AppHost\AspiringHero.AppHost.csproj", "{3431C5F6-56DA-4BF2-9A9F-157CBCF587A0}"
EndProject
Project("{9A19103F-16F7-4668-BE54-9A1E7A4F7556}") = "AspiringHero.ServiceDefaults", "AspiringHero.ServiceDefaults\AspiringHero.ServiceDefaults.csproj", "{DE54F0B5-C5CE-4107-9661-0089D71294CD}"
EndProject
Project("{9A19103F-16F7-4668-BE54-9A1E7A4F7556}") = "AspiringHero.ApiService", "AspiringHero.ApiService\AspiringHero.ApiService.csproj", "{CC7BD7B3-BDCB-4922-BD5A-C9B2AC0D88DB}"
EndProject
Project("{9A19103F-16F7-4668-BE54-9A1E7A4F7556}") = "AspiringHero.Web", "AspiringHero.Web\AspiringHero.Web.csproj", "{AC4A37A4-DFFC-418A-B935-196C8E630117}"
EndProject
Project("{9A19103F-16F7-4668-BE54-9A1E7A4F7556}") = "AspiringHero.Client", "AspiringHero.Client\AspiringHero.Client.csproj", "{F0F31CA2-0AB8-4082-8F24-E3D9EE78AFE6}"
EndProject
Project("{9A19103F-16F7-4668-BE54-9A1E7A4F7556}") = "JusticeLeague.Api", "..\JusticeLeague.Api\JusticeLeague.Api.csproj", "{18AD445E-A60A-4412-B89F-D963AEE706E3}"
EndProject
Global
	GlobalSection(SolutionConfigurationPlatforms) = preSolution
		Debug|Any CPU = Debug|Any CPU
		Release|Any CPU = Release|Any CPU
	EndGlobalSection
	GlobalSection(ProjectConfigurationPlatforms) = postSolution
		{3431C5F6-56DA-4BF2-9A9F-157CBCF587A0}.Debug|Any CPU.ActiveCfg = Debug|Any CPU
		{3431C5F6-56DA-4BF2-9A9F-157CBCF587A0}.Debug|Any CPU.Build.0 = Debug|Any CPU
		{3431C5F6-56DA-4BF2-9A9F-157CBCF587A0}.Release|Any CPU.ActiveCfg = Release|Any CPU
		{3431C5F6-56DA-4BF2-9A9F-157CBCF587A0}.Release|Any CPU.Build.0 = Release|Any CPU
		{DE54F0B5-C5CE-4107-9661-0089D71294CD}.Debug|Any CPU.ActiveCfg = Debug|Any CPU
		{DE54F0B5-C5CE-4107-9661-0089D71294CD}.Debug|Any CPU.Build.0 = Debug|Any CPU
		{DE54F0B5-C5CE-4107-9661-0089D71294CD}.Release|Any CPU.ActiveCfg = Release|Any CPU
		{DE54F0B5-C5CE-4107-9661-0089D71294CD}.Release|Any CPU.Build.0 = Release|Any CPU
		{CC7BD7B3-BDCB-4922-BD5A-C9B2AC0D88DB}.Debug|Any CPU.ActiveCfg = Debug|Any CPU
		{CC7BD7B3-BDCB-4922-BD5A-C9B2AC0D88DB}.Debug|Any CPU.Build.0 = Debug|Any CPU
		{CC7BD7B3-BDCB-4922-BD5A-C9B2AC0D88DB}.Release|Any CPU.ActiveCfg = Release|Any CPU
		{CC7BD7B3-BDCB-4922-BD5A-C9B2AC0D88DB}.Release|Any CPU.Build.0 = Release|Any CPU
		{AC4A37A4-DFFC-418A-B935-196C8E630117}.Debug|Any CPU.ActiveCfg = Debug|Any CPU
		{AC4A37A4-DFFC-418A-B935-196C8E630117}.Debug|Any CPU.Build.0 = Debug|Any CPU
		{AC4A37A4-DFFC-418A-B935-196C8E630117}.Release|Any CPU.ActiveCfg = Release|Any CPU
		{AC4A37A4-DFFC-418A-B935-196C8E630117}.Release|Any CPU.Build.0 = Release|Any CPU
		{F0F31CA2-0AB8-4082-8F24-E3D9EE78AFE6}.Debug|Any CPU.ActiveCfg = Debug|Any CPU
		{F0F31CA2-0AB8-4082-8F24-E3D9EE78AFE6}.Debug|Any CPU.Build.0 = Debug|Any CPU
		{F0F31CA2-0AB8-4082-8F24-E3D9EE78AFE6}.Release|Any CPU.ActiveCfg = Release|Any CPU
		{F0F31CA2-0AB8-4082-8F24-E3D9EE78AFE6}.Release|Any CPU.Build.0 = Release|Any CPU
		{18AD445E-A60A-4412-B89F-D963AEE706E3}.Debug|Any CPU.ActiveCfg = Debug|Any CPU
		{18AD445E-A60A-4412-B89F-D963AEE706E3}.Debug|Any CPU.Build.0 = Debug|Any CPU
		{18AD445E-A60A-4412-B89F-D963AEE706E3}.Release|Any CPU.ActiveCfg = Release|Any CPU
		{18AD445E-A60A-4412-B89F-D963AEE706E3}.Release|Any CPU.Build.0 = Release|Any CPU
	EndGlobalSection
	GlobalSection(SolutionProperties) = preSolution
		HideSolutionNode = FALSE
	EndGlobalSection
	GlobalSection(ExtensibilityGlobals) = postSolution
		SolutionGuid = {63CC1991-0B9A-4610-8C88-432B4DDBDEEA}
	EndGlobalSection
EndGlobal
